
Microsoft Visual Studio Solution File, Format Version 12.00
# Visual Studio Version 17
VisualStudioVersion = 17.3.32825.248
MinimumVisualStudioVersion = 10.0.40219.1
Project("{FAE04EC0-301F-11D3-BF4B-00C04F79EFBC}") = "News", "News\News.csproj", "{760B9719-9F34-4C90-B039-12FC0B133B20}"
EndProject
Project("{FAE04EC0-301F-11D3-BF4B-00C04F79EFBC}") = "BLL", "BLL\BLL.csproj", "{92AF3FBB-B0CC-4FCB-A8D6-73425AD14C72}"
EndProject
Project("{FAE04EC0-301F-11D3-BF4B-00C04F79EFBC}") = "DAL", "DAL\DAL.csproj", "{13A85919-22C9-466E-8547-8A417A91406D}"
EndProject
Global
	GlobalSection(SolutionConfigurationPlatforms) = preSolution
		Debug|Any CPU = Debug|Any CPU
		Release|Any CPU = Release|Any CPU
	EndGlobalSection
	GlobalSection(ProjectConfigurationPlatforms) = postSolution
		{760B9719-9F34-4C90-B039-12FC0B133B20}.Debug|Any CPU.ActiveCfg = Debug|Any CPU
		{760B9719-9F34-4C90-B039-12FC0B133B20}.Debug|Any CPU.Build.0 = Debug|Any CPU
		{760B9719-9F34-4C90-B039-12FC0B133B20}.Release|Any CPU.ActiveCfg = Release|Any CPU
		{760B9719-9F34-4C90-B039-12FC0B133B20}.Release|Any CPU.Build.0 = Release|Any CPU
		{92AF3FBB-B0CC-4FCB-A8D6-73425AD14C72}.Debug|Any CPU.ActiveCfg = Debug|Any CPU
		{92AF3FBB-B0CC-4FCB-A8D6-73425AD14C72}.Debug|Any CPU.Build.0 = Debug|Any CPU
		{92AF3FBB-B0CC-4FCB-A8D6-73425AD14C72}.Release|Any CPU.ActiveCfg = Release|Any CPU
		{92AF3FBB-B0CC-4FCB-A8D6-73425AD14C72}.Release|Any CPU.Build.0 = Release|Any CPU
		{13A85919-22C9-466E-8547-8A417A91406D}.Debug|Any CPU.ActiveCfg = Debug|Any CPU
		{13A85919-22C9-466E-8547-8A417A91406D}.Debug|Any CPU.Build.0 = Debug|Any CPU
		{13A85919-22C9-466E-8547-8A417A91406D}.Release|Any CPU.ActiveCfg = Release|Any CPU
		{13A85919-22C9-466E-8547-8A417A91406D}.Release|Any CPU.Build.0 = Release|Any CPU
	EndGlobalSection
	GlobalSection(SolutionProperties) = preSolution
		HideSolutionNode = FALSE
	EndGlobalSection
	GlobalSection(ExtensibilityGlobals) = postSolution
		SolutionGuid = {F07AE123-EC94-41E4-8F35-E333FB571508}
	EndGlobalSection
EndGlobal
