
Microsoft Visual Studio Solution File, Format Version 12.00
# Visual Studio Version 17
VisualStudioVersion = 17.3.32825.248
MinimumVisualStudioVersion = 10.0.40219.1
Project("{FAE04EC0-301F-11D3-BF4B-00C04F79EFBC}") = "lab4", "lab4\lab4.csproj", "{FCD72AF2-E53B-4365-B546-CB8EFBDE6578}"
EndProject
Global
	GlobalSection(SolutionConfigurationPlatforms) = preSolution
		Debug|Any CPU = Debug|Any CPU
		Release|Any CPU = Release|Any CPU
	EndGlobalSection
	GlobalSection(ProjectConfigurationPlatforms) = postSolution
		{FCD72AF2-E53B-4365-B546-CB8EFBDE6578}.Debug|Any CPU.ActiveCfg = Debug|Any CPU
		{FCD72AF2-E53B-4365-B546-CB8EFBDE6578}.Debug|Any CPU.Build.0 = Debug|Any CPU
		{FCD72AF2-E53B-4365-B546-CB8EFBDE6578}.Release|Any CPU.ActiveCfg = Release|Any CPU
		{FCD72AF2-E53B-4365-B546-CB8EFBDE6578}.Release|Any CPU.Build.0 = Release|Any CPU
	EndGlobalSection
	GlobalSection(SolutionProperties) = preSolution
		HideSolutionNode = FALSE
	EndGlobalSection
	GlobalSection(ExtensibilityGlobals) = postSolution
		SolutionGuid = {960333EB-345A-47EB-88AE-919B6A6D4372}
	EndGlobalSection
EndGlobal
